PODS:
  - TauntStringWrapper (0.1.0)

DEPENDENCIES:
  - TauntStringWrapper (from `../`)

EXTERNAL SOURCES:
  TauntStringWrapper:
    :path: "../"

SPEC CHECKSUMS:
  TauntStringWrapper: 42d594168eec095137c1bf82140dbfcee7586025

PODFILE CHECKSUM: e51895bcc1cfb4427b65dcc6a91344f17f44691b

COCOAPODS: 1.8.4
